<?xml version="1.0" encoding="utf-8"?>
<Project ToolsVersion="4.0" xmlns="http://schemas.microsoft.com/developer/msbuild/2003">
  <ItemGroup>
    <Filter Include="Header Files">
      <UniqueIdentifier>{69b47100-f893-4a7d-849c-0740baf18b31}</UniqueIdentifier>
    </Filter>
    <Filter Include="Resource Files">
      <UniqueIdentifier>{8ca58f01-e33a-4c72-a399-eb4e27b0256a}</UniqueIdentifier>
    </Filter>
    <Filter Include="Source Files">
      <UniqueIdentifier>{29801f1d-b2ea-4db5-ae26-fbce9419e3c7}</UniqueIdentifier>
    </Filter>
    <Filter Include="Header Files\bitstream">
      <UniqueIdentifier>{824f816c-32c8-4c88-86d8-ed3cbd2f49e5}</UniqueIdentifier>
    </Filter>
    <Filter Include="Source Files\bitstream">
      <UniqueIdentifier>{47fac8b0-0782-4df1-ad45-0219ce79192b}</UniqueIdentifier>
    </Filter>
    <Filter Include="Source Files\bitstream\x86_asm">
      <UniqueIdentifier>{316ece41-2e28-46ba-b4c2-732e24b486ef}</UniqueIdentifier>
    </Filter>
    <Filter Include="Header Files\dct">
      <UniqueIdentifier>{69a5ca4d-349c-4309-a505-58500b657c35}</UniqueIdentifier>
    </Filter>
    <Filter Include="Header Files\image">
      <UniqueIdentifier>{6634caf6-b907-4b87-a733-5e77b35239da}</UniqueIdentifier>
    </Filter>
    <Filter Include="Header Files\plugins">
      <UniqueIdentifier>{ac40f379-7730-43c7-997f-a79a6b21cab7}</UniqueIdentifier>
    </Filter>
    <Filter Include="Header Files\prediction">
      <UniqueIdentifier>{4300a66a-d56e-4edd-ac79-dbcaad45f852}</UniqueIdentifier>
    </Filter>
    <Filter Include="Header Files\quant">
      <UniqueIdentifier>{16514bff-a253-4e54-acfc-287afe572036}</UniqueIdentifier>
    </Filter>
    <Filter Include="Header Files\utils">
      <UniqueIdentifier>{73ca1693-672e-4068-a427-90b7b870ad90}</UniqueIdentifier>
    </Filter>
    <Filter Include="Header Files\motion">
      <UniqueIdentifier>{dc9caf86-674a-49ea-86c0-62bd464e0d18}</UniqueIdentifier>
    </Filter>
    <Filter Include="Source Files\dct">
      <UniqueIdentifier>{d76d1343-016e-4308-95cf-d941e0e9d456}</UniqueIdentifier>
    </Filter>
    <Filter Include="Source Files\image">
      <UniqueIdentifier>{90709901-9e91-4ec5-927a-cafa679c1454}</UniqueIdentifier>
    </Filter>
    <Filter Include="Source Files\motion">
      <UniqueIdentifier>{301d01f9-7072-4618-8262-2356cf6a6e96}</UniqueIdentifier>
    </Filter>
    <Filter Include="Source Files\utils">
      <UniqueIdentifier>{5258ce1a-ba0d-477e-9aca-9bd0b09e7726}</UniqueIdentifier>
    </Filter>
    <Filter Include="Source Files\quant">
      <UniqueIdentifier>{cf201eff-5c64-49bf-a45f-c87cd133c43a}</UniqueIdentifier>
    </Filter>
    <Filter Include="Source Files\prediction">
      <UniqueIdentifier>{2d09467f-b369-4c08-b867-bf92d06a9c10}</UniqueIdentifier>
    </Filter>
    <Filter Include="Source Files\plugins">
      <UniqueIdentifier>{893161cc-7cc5-4f65-8e43-93333ca1bd7e}</UniqueIdentifier>
    </Filter>
    <Filter Include="Source Files\dct\x86_asm">
      <UniqueIdentifier>{c53683cd-6c9d-40e2-84b7-d99da4530f47}</UniqueIdentifier>
    </Filter>
    <Filter Include="Source Files\image\x86_asm">
      <UniqueIdentifier>{9df791ad-afcf-47bb-ae50-6b93573730c3}</UniqueIdentifier>
    </Filter>
    <Filter Include="Source Files\motion\x86_asm">
      <UniqueIdentifier>{6340ea31-0c48-47bd-9024-c459d36d8b5b}</UniqueIdentifier>
    </Filter>
    <Filter Include="Source Files\plugins\x86_asm">
      <UniqueIdentifier>{c1fa61a4-72dc-4b72-8ccd-56d59e8eca55}</UniqueIdentifier>
    </Filter>
    <Filter Include="Source Files\quant\x86_asm">
      <UniqueIdentifier>{b14b62cc-5ffe-4b9e-a2c3-365d08616d49}</UniqueIdentifier>
    </Filter>
    <Filter Include="Source Files\utils\x86_asm">
      <UniqueIdentifier>{65a40b78-4d82-42c8-a86c-676001baa887}</UniqueIdentifier>
    </Filter>
  </ItemGroup>
  <ItemGroup>
    <ClInclude Include="..\src\bitstream\bitstream.h">
      <Filter>Header Files\bitstream</Filter>
    </ClInclude>
    <ClInclude Include="..\src\bitstream\cbp.h">
      <Filter>Header Files\bitstream</Filter>
    </ClInclude>
    <ClInclude Include="..\src\bitstream\mbcoding.h">
      <Filter>Header Files\bitstream</Filter>
    </ClInclude>
    <ClInclude Include="..\src\bitstream\vlc_codes.h">
      <Filter>Header Files\bitstream</Filter>
    </ClInclude>
    <ClInclude Include="..\src\bitstream\zigzag.h">
      <Filter>Header Files\bitstream</Filter>
    </ClInclude>
    <ClInclude Include="..\src\decoder.h">
      <Filter>Header Files</Filter>
    </ClInclude>
    <ClInclude Include="..\src\encoder.h">
      <Filter>Header Files</Filter>
    </ClInclude>
    <ClInclude Include="..\src\global.h">
      <Filter>Header Files</Filter>
    </ClInclude>
    <ClInclude Include="..\src\portab.h">
      <Filter>Header Files</Filter>
    </ClInclude>
    <ClInclude Include="..\src\xvid.h">
      <Filter>Header Files</Filter>
    </ClInclude>
    <ClInclude Include="..\src\dct\fdct.h">
      <Filter>Header Files\dct</Filter>
    </ClInclude>
    <ClInclude Include="..\src\dct\idct.h">
      <Filter>Header Files\dct</Filter>
    </ClInclude>
    <ClInclude Include="..\src\image\colorspace.h">
      <Filter>Header Files\image</Filter>
    </ClInclude>
    <ClInclude Include="..\src\image\font.h">
      <Filter>Header Files\image</Filter>
    </ClInclude>
    <ClInclude Include="..\src\image\image.h">
      <Filter>Header Files\image</Filter>
    </ClInclude>
    <ClInclude Include="..\src\image\interpolate8x8.h">
      <Filter>Header Files\image</Filter>
    </ClInclude>
    <ClInclude Include="..\src\image\postprocessing.h">
      <Filter>Header Files\image</Filter>
    </ClInclude>
    <ClInclude Include="..\src\image\qpel.h">
      <Filter>Header Files\image</Filter>
    </ClInclude>
    <ClInclude Include="..\src\image\reduced.h">
      <Filter>Header Files\image</Filter>
    </ClInclude>
    <ClInclude Include="..\src\motion\estimation.h">
      <Filter>Header Files\motion</Filter>
    </ClInclude>
    <ClInclude Include="..\src\motion\gmc.h">
      <Filter>Header Files\motion</Filter>
    </ClInclude>
    <ClInclude Include="..\src\motion\motion.h">
      <Filter>Header Files\motion</Filter>
    </ClInclude>
    <ClInclude Include="..\src\motion\motion_inlines.h">
      <Filter>Header Files\motion</Filter>
    </ClInclude>
    <ClInclude Include="..\src\motion\motion_smp.h">
      <Filter>Header Files\motion</Filter>
    </ClInclude>
    <ClInclude Include="..\src\motion\sad.h">
      <Filter>Header Files\motion</Filter>
    </ClInclude>
    <ClInclude Include="..\src\plugins\plugin_ssim.h">
      <Filter>Header Files\plugins</Filter>
    </ClInclude>
    <ClInclude Include="..\src\prediction\mbprediction.h">
      <Filter>Header Files\prediction</Filter>
    </ClInclude>
    <ClInclude Include="..\src\quant\quant.h">
      <Filter>Header Files\quant</Filter>
    </ClInclude>
    <ClInclude Include="..\src\quant\quant_matrix.h">
      <Filter>Header Files\quant</Filter>
    </ClInclude>
    <ClInclude Include="..\src\utils\emms.h">
      <Filter>Header Files\utils</Filter>
    </ClInclude>
    <ClInclude Include="..\src\utils\mbfunctions.h">
      <Filter>Header Files\utils</Filter>
    </ClInclude>
    <ClInclude Include="..\src\utils\mem_align.h">
      <Filter>Header Files\utils</Filter>
    </ClInclude>
    <ClInclude Include="..\src\utils\mem_transfer.h">
      <Filter>Header Files\utils</Filter>
    </ClInclude>
    <ClInclude Include="..\src\utils\timer.h">
      <Filter>Header Files\utils</Filter>
    </ClInclude>
  </ItemGroup>
  <ItemGroup>
    <ClCompile Include="..\src\bitstream\mbcoding.c">
      <Filter>Source Files\bitstream</Filter>
    </ClCompile>
    <ClCompile Include="..\src\bitstream\bitstream.c">
      <Filter>Source Files\bitstream</Filter>
    </ClCompile>
    <ClCompile Include="..\src\bitstream\cbp.c">
      <Filter>Source Files\bitstream</Filter>
    </ClCompile>
    <ClCompile Include="..\src\encoder.c">
      <Filter>Source Files</Filter>
    </ClCompile>
    <ClCompile Include="..\src\xvid.c">
      <Filter>Source Files</Filter>
    </ClCompile>
    <ClCompile Include="..\src\decoder.c">
      <Filter>Source Files</Filter>
    </ClCompile>
    <ClCompile Include="..\src\dct\fdct.c">
      <Filter>Source Files\dct</Filter>
    </ClCompile>
    <ClCompile Include="..\src\dct\idct.c">
      <Filter>Source Files\dct</Filter>
    </ClCompile>
    <ClCompile Include="..\src\dct\simple_idct.c">
      <Filter>Source Files\dct</Filter>
    </ClCompile>
    <ClCompile Include="..\src\image\image.c">
      <Filter>Source Files\image</Filter>
    </ClCompile>
    <ClCompile Include="..\src\image\interpolate8x8.c">
      <Filter>Source Files\image</Filter>
    </ClCompile>
    <ClCompile Include="..\src\image\postprocessing.c">
      <Filter>Source Files\image</Filter>
    </ClCompile>
    <ClCompile Include="..\src\image\qpel.c">
      <Filter>Source Files\image</Filter>
    </ClCompile>
    <ClCompile Include="..\src\image\reduced.c">
      <Filter>Source Files\image</Filter>
    </ClCompile>
    <ClCompile Include="..\src\image\colorspace.c">
      <Filter>Source Files\image</Filter>
    </ClCompile>
    <ClCompile Include="..\src\image\font.c">
      <Filter>Source Files\image</Filter>
    </ClCompile>
    <ClCompile Include="..\src\motion\estimation_rd_based.c">
      <Filter>Source Files\motion</Filter>
    </ClCompile>
    <ClCompile Include="..\src\motion\estimation_rd_based_bvop.c">
      <Filter>Source Files\motion</Filter>
    </ClCompile>
    <ClCompile Include="..\src\motion\gmc.c">
      <Filter>Source Files\motion</Filter>
    </ClCompile>
    <ClCompile Include="..\src\motion\motion_comp.c">
      <Filter>Source Files\motion</Filter>
    </ClCompile>
    <ClCompile Include="..\src\motion\sad.c">
      <Filter>Source Files\motion</Filter>
    </ClCompile>
    <ClCompile Include="..\src\motion\vop_type_decision.c">
      <Filter>Source Files\motion</Filter>
    </ClCompile>
    <ClCompile Include="..\src\motion\estimation_bvop.c">
      <Filter>Source Files\motion</Filter>
    </ClCompile>
    <ClCompile Include="..\src\motion\estimation_common.c">
      <Filter>Source Files\motion</Filter>
    </ClCompile>
    <ClCompile Include="..\src\motion\estimation_gmc.c">
      <Filter>Source Files\motion</Filter>
    </ClCompile>
    <ClCompile Include="..\src\motion\estimation_pvop.c">
      <Filter>Source Files\motion</Filter>
    </ClCompile>
    <ClCompile Include="..\src\plugins\plugin_lumimasking.c">
      <Filter>Source Files\plugins</Filter>
    </ClCompile>
    <ClCompile Include="..\src\plugins\plugin_psnr.c">
      <Filter>Source Files\plugins</Filter>
    </ClCompile>
    <ClCompile Include="..\src\plugins\plugin_psnrhvsm.c">
      <Filter>Source Files\plugins</Filter>
    </ClCompile>
    <ClCompile Include="..\src\plugins\plugin_single.c">
      <Filter>Source Files\plugins</Filter>
    </ClCompile>
    <ClCompile Include="..\src\plugins\plugin_ssim.c">
      <Filter>Source Files\plugins</Filter>
    </ClCompile>
    <ClCompile Include="..\src\plugins\plugin_2pass1.c">
      <Filter>Source Files\plugins</Filter>
    </ClCompile>
    <ClCompile Include="..\src\plugins\plugin_2pass2.c">
      <Filter>Source Files\plugins</Filter>
    </ClCompile>
    <ClCompile Include="..\src\plugins\plugin_dump.c">
      <Filter>Source Files\plugins</Filter>
    </ClCompile>
    <ClCompile Include="..\src\prediction\mbprediction.c">
      <Filter>Source Files\prediction</Filter>
    </ClCompile>
    <ClCompile Include="..\src\quant\quant_mpeg.c">
      <Filter>Source Files\quant</Filter>
    </ClCompile>
    <ClCompile Include="..\src\quant\quant_h263.c">
      <Filter>Source Files\quant</Filter>
    </ClCompile>
    <ClCompile Include="..\src\quant\quant_matrix.c">
      <Filter>Source Files\quant</Filter>
    </ClCompile>
    <ClCompile Include="..\src\utils\emms.c">
      <Filter>Source Files\utils</Filter>
    </ClCompile>
    <ClCompile Include="..\src\utils\mbtransquant.c">
      <Filter>Source Files\utils</Filter>
    </ClCompile>
    <ClCompile Include="..\src\utils\mem_align.c">
      <Filter>Source Files\utils</Filter>
    </ClCompile>
    <ClCompile Include="..\src\utils\mem_transfer.c">
      <Filter>Source Files\utils</Filter>
    </ClCompile>
    <ClCompile Include="..\src\utils\timer.c">
      <Filter>Source Files\utils</Filter>
    </ClCompile>
  </ItemGroup>
  <ItemGroup>
    <None Include="..\build\generic\libxvidcore.def">
      <Filter>Resource Files</Filter>
    </None>
  </ItemGroup>
  <ItemGroup>
    <Text Include="readme.txt" />
  </ItemGroup>
  <ItemGroup>
    <YASM Include="..\src\bitstream\x86_asm\cbp_mmx.asm">
      <Filter>Source Files\bitstream\x86_asm</Filter>
    </YASM>
    <YASM Include="..\src\bitstream\x86_asm\cbp_sse2.asm">
      <Filter>Source Files\bitstream\x86_asm</Filter>
    </YASM>
    <YASM Include="..\src\dct\x86_asm\fdct_mmx_ffmpeg.asm">
      <Filter>Source Files\dct\x86_asm</Filter>
    </YASM>
    <YASM Include="..\src\dct\x86_asm\fdct_mmx_skal.asm">
      <Filter>Source Files\dct\x86_asm</Filter>
    </YASM>
    <YASM Include="..\src\dct\x86_asm\fdct_sse2_skal.asm">
      <Filter>Source Files\dct\x86_asm</Filter>
    </YASM>
    <YASM Include="..\src\dct\x86_asm\idct_3dne.asm">
      <Filter>Source Files\dct\x86_asm</Filter>
    </YASM>
    <YASM Include="..\src\dct\x86_asm\idct_mmx.asm">
      <Filter>Source Files\dct\x86_asm</Filter>
    </YASM>
    <YASM Include="..\src\dct\x86_asm\idct_sse2_dmitry.asm">
      <Filter>Source Files\dct\x86_asm</Filter>
    </YASM>
    <YASM Include="..\src\image\x86_asm\colorspace_mmx.inc">
      <Filter>Source Files\image\x86_asm</Filter>
    </YASM>
    <YASM Include="..\src\image\x86_asm\colorspace_rgb_mmx.asm">
      <Filter>Source Files\image\x86_asm</Filter>
    </YASM>
    <YASM Include="..\src\image\x86_asm\colorspace_yuv_mmx.asm">
      <Filter>Source Files\image\x86_asm</Filter>
    </YASM>
    <YASM Include="..\src\image\x86_asm\colorspace_yuyv_mmx.asm">
      <Filter>Source Files\image\x86_asm</Filter>
    </YASM>
    <YASM Include="..\src\image\x86_asm\deintl_sse.asm">
      <Filter>Source Files\image\x86_asm</Filter>
    </YASM>
    <YASM Include="..\src\image\x86_asm\gmc_mmx.asm">
      <Filter>Source Files\image\x86_asm</Filter>
    </YASM>
    <YASM Include="..\src\image\x86_asm\interpolate8x8_3dn.asm">
      <Filter>Source Files\image\x86_asm</Filter>
    </YASM>
    <YASM Include="..\src\image\x86_asm\interpolate8x8_3dne.asm">
      <Filter>Source Files\image\x86_asm</Filter>
    </YASM>
    <YASM Include="..\src\image\x86_asm\interpolate8x8_mmx.asm">
      <Filter>Source Files\image\x86_asm</Filter>
    </YASM>
    <YASM Include="..\src\image\x86_asm\interpolate8x8_xmm.asm">
      <Filter>Source Files\image\x86_asm</Filter>
    </YASM>
    <YASM Include="..\src\image\x86_asm\postprocessing_mmx.asm">
      <Filter>Source Files\image\x86_asm</Filter>
    </YASM>
    <YASM Include="..\src\image\x86_asm\postprocessing_sse2.asm">
      <Filter>Source Files\image\x86_asm</Filter>
    </YASM>
    <YASM Include="..\src\image\x86_asm\qpel_mmx.asm">
      <Filter>Source Files\image\x86_asm</Filter>
    </YASM>
    <YASM Include="..\src\image\x86_asm\reduced_mmx.asm">
      <Filter>Source Files\image\x86_asm</Filter>
    </YASM>
    <YASM Include="..\src\motion\x86_asm\sad_3dn.asm">
      <Filter>Source Files\motion\x86_asm</Filter>
    </YASM>
    <YASM Include="..\src\motion\x86_asm\sad_3dne.asm">
      <Filter>Source Files\motion\x86_asm</Filter>
    </YASM>
    <YASM Include="..\src\motion\x86_asm\sad_mmx.asm">
      <Filter>Source Files\motion\x86_asm</Filter>
    </YASM>
    <YASM Include="..\src\motion\x86_asm\sad_sse2.asm">
      <Filter>Source Files\motion\x86_asm</Filter>
    </YASM>
    <YASM Include="..\src\motion\x86_asm\sad_xmm.asm">
      <Filter>Source Files\motion\x86_asm</Filter>
    </YASM>
    <YASM Include="..\src\plugins\x86_asm\plugin_ssim-a.asm">
      <Filter>Source Files\plugins\x86_asm</Filter>
    </YASM>
    <YASM Include="..\src\quant\x86_asm\quantize_h263_3dne.asm">
      <Filter>Source Files\quant\x86_asm</Filter>
    </YASM>
    <YASM Include="..\src\quant\x86_asm\quantize_h263_mmx.asm">
      <Filter>Source Files\quant\x86_asm</Filter>
    </YASM>
    <YASM Include="..\src\quant\x86_asm\quantize_mpeg_mmx.asm">
      <Filter>Source Files\quant\x86_asm</Filter>
    </YASM>
    <YASM Include="..\src\quant\x86_asm\quantize_mpeg_xmm.asm">
      <Filter>Source Files\quant\x86_asm</Filter>
    </YASM>
    <YASM Include="..\src\utils\x86_asm\cpuid.asm">
      <Filter>Source Files\utils\x86_asm</Filter>
    </YASM>
    <YASM Include="..\src\utils\x86_asm\interlacing_mmx.asm">
      <Filter>Source Files\utils\x86_asm</Filter>
    </YASM>
    <YASM Include="..\src\utils\x86_asm\mem_transfer_3dne.asm">
      <Filter>Source Files\utils\x86_asm</Filter>
    </YASM>
    <YASM Include="..\src\utils\x86_asm\mem_transfer_mmx.asm">
      <Filter>Source Files\utils\x86_asm</Filter>
    </YASM>
  </ItemGroup>
</Project>